
Microsoft Visual Studio Solution File, Format Version 12.00
# Visual Studio 14
VisualStudioVersion = 14.0.25420.1
MinimumVisualStudioVersion = 10.0.40219.1
Project("{FAE04EC0-301F-11D3-BF4B-00C04F79EFBC}") = "HelloGitFlow", "HelloGitFlow\HelloGitFlow.csproj", "{170B18DA-CD68-4EC0-9474-16BA5A114DAA}"
EndProject
Global
	GlobalSection(SolutionConfigurationPlatforms) = preSolution
		Debug|Any CPU = Debug|Any CPU
		Release|Any CPU = Release|Any CPU
	EndGlobalSection
	GlobalSection(ProjectConfigurationPlatforms) = postSolution
		{170B18DA-CD68-4EC0-9474-16BA5A114DAA}.Debug|Any CPU.ActiveCfg = Debug|Any CPU
		{170B18DA-CD68-4EC0-9474-16BA5A114DAA}.Debug|Any CPU.Build.0 = Debug|Any CPU
		{170B18DA-CD68-4EC0-9474-16BA5A114DAA}.Release|Any CPU.ActiveCfg = Release|Any CPU
		{170B18DA-CD68-4EC0-9474-16BA5A114DAA}.Release|Any CPU.Build.0 = Release|Any CPU
	EndGlobalSection
	GlobalSection(SolutionProperties) = preSolution
		HideSolutionNode = FALSE
	EndGlobalSection
EndGlobal
